
Microsoft Visual Studio Solution File, Format Version 12.00
# Visual Studio Version 17
VisualStudioVersion = 17.7.34009.444
MinimumVisualStudioVersion = 10.0.40219.1
Project("{FAE04EC0-301F-11D3-BF4B-00C04F79EFBC}") = "CalculateStudentGrades", "CalculateStudentGrades\CalculateStudentGrades.csproj", "{D26A4EA2-CBC9-4608-B604-1C9104E55C6B}"
EndProject
Global
	GlobalSection(SolutionConfigurationPlatforms) = preSolution
		Debug|Any CPU = Debug|Any CPU
		Release|Any CPU = Release|Any CPU
	EndGlobalSection
	GlobalSection(ProjectConfigurationPlatforms) = postSolution
		{D26A4EA2-CBC9-4608-B604-1C9104E55C6B}.Debug|Any CPU.ActiveCfg = Debug|Any CPU
		{D26A4EA2-CBC9-4608-B604-1C9104E55C6B}.Debug|Any CPU.Build.0 = Debug|Any CPU
		{D26A4EA2-CBC9-4608-B604-1C9104E55C6B}.Release|Any CPU.ActiveCfg = Release|Any CPU
		{D26A4EA2-CBC9-4608-B604-1C9104E55C6B}.Release|Any CPU.Build.0 = Release|Any CPU
	EndGlobalSection
	GlobalSection(SolutionProperties) = preSolution
		HideSolutionNode = FALSE
	EndGlobalSection
	GlobalSection(ExtensibilityGlobals) = postSolution
		SolutionGuid = {644C897A-99A6-4552-9F32-5AA103A1E53C}
	EndGlobalSection
EndGlobal
